
Microsoft Visual Studio Solution File, Format Version 12.00
# Visual Studio Version 17
VisualStudioVersion = 17.0.31903.59
MinimumVisualStudioVersion = 10.0.40219.1
Project("{FAE04EC0-301F-11D3-BF4B-00C04F79EFBC}") = "MonstrCore", "MonstrCore\MonstrCore.csproj", "{83698F1B-A4C3-40AC-88B1-D9FB031880AE}"
EndProject
Project("{FAE04EC0-301F-11D3-BF4B-00C04F79EFBC}") = "MonstrCore.Tests", "MonstrCore.Tests\MonstrCore.Tests.csproj", "{FE2C94FA-1B30-4048-97FA-AED871DF07B9}"
EndProject
Global
	GlobalSection(SolutionConfigurationPlatforms) = preSolution
		Debug|Any CPU = Debug|Any CPU
		Release|Any CPU = Release|Any CPU
	EndGlobalSection
	GlobalSection(SolutionProperties) = preSolution
		HideSolutionNode = FALSE
	EndGlobalSection
	GlobalSection(ProjectConfigurationPlatforms) = postSolution
		{83698F1B-A4C3-40AC-88B1-D9FB031880AE}.Debug|Any CPU.ActiveCfg = Debug|Any CPU
		{83698F1B-A4C3-40AC-88B1-D9FB031880AE}.Debug|Any CPU.Build.0 = Debug|Any CPU
		{83698F1B-A4C3-40AC-88B1-D9FB031880AE}.Release|Any CPU.ActiveCfg = Release|Any CPU
		{83698F1B-A4C3-40AC-88B1-D9FB031880AE}.Release|Any CPU.Build.0 = Release|Any CPU
		{FE2C94FA-1B30-4048-97FA-AED871DF07B9}.Debug|Any CPU.ActiveCfg = Debug|Any CPU
		{FE2C94FA-1B30-4048-97FA-AED871DF07B9}.Debug|Any CPU.Build.0 = Debug|Any CPU
		{FE2C94FA-1B30-4048-97FA-AED871DF07B9}.Release|Any CPU.ActiveCfg = Release|Any CPU
		{FE2C94FA-1B30-4048-97FA-AED871DF07B9}.Release|Any CPU.Build.0 = Release|Any CPU
	EndGlobalSection
EndGlobal
